
Microsoft Visual Studio Solution File, Format Version 12.00
Project("{FAE04EC0-301F-11D3-BF4B-00C04F79EFBC}") = "Volvox.Helios.Domain", "src\Volvox.Helios.Domain\Volvox.Helios.Domain.csproj", "{41121102-A802-48B6-BABD-42EE3871AF04}"
EndProject
Project("{FAE04EC0-301F-11D3-BF4B-00C04F79EFBC}") = "Volvox.Helios.Service", "src\Volvox.Helios.Service\Volvox.Helios.Service.csproj", "{F7195615-CE7F-4CA2-AFB7-9B8296BF35F7}"
EndProject
Project("{FAE04EC0-301F-11D3-BF4B-00C04F79EFBC}") = "Volvox.Helios.Core", "src\Volvox.Helios.Core\Volvox.Helios.Core.csproj", "{A63DE577-41FA-451E-ADD0-AFDA7997602D}"
EndProject
Global
	GlobalSection(SolutionConfigurationPlatforms) = preSolution
		Debug|Any CPU = Debug|Any CPU
		Release|Any CPU = Release|Any CPU
	EndGlobalSection
	GlobalSection(ProjectConfigurationPlatforms) = postSolution
		{41121102-A802-48B6-BABD-42EE3871AF04}.Debug|Any CPU.ActiveCfg = Debug|Any CPU
		{41121102-A802-48B6-BABD-42EE3871AF04}.Debug|Any CPU.Build.0 = Debug|Any CPU
		{41121102-A802-48B6-BABD-42EE3871AF04}.Release|Any CPU.ActiveCfg = Release|Any CPU
		{41121102-A802-48B6-BABD-42EE3871AF04}.Release|Any CPU.Build.0 = Release|Any CPU
		{F7195615-CE7F-4CA2-AFB7-9B8296BF35F7}.Debug|Any CPU.ActiveCfg = Debug|Any CPU
		{F7195615-CE7F-4CA2-AFB7-9B8296BF35F7}.Debug|Any CPU.Build.0 = Debug|Any CPU
		{F7195615-CE7F-4CA2-AFB7-9B8296BF35F7}.Release|Any CPU.ActiveCfg = Release|Any CPU
		{F7195615-CE7F-4CA2-AFB7-9B8296BF35F7}.Release|Any CPU.Build.0 = Release|Any CPU
		{A63DE577-41FA-451E-ADD0-AFDA7997602D}.Debug|Any CPU.ActiveCfg = Debug|Any CPU
		{A63DE577-41FA-451E-ADD0-AFDA7997602D}.Debug|Any CPU.Build.0 = Debug|Any CPU
		{A63DE577-41FA-451E-ADD0-AFDA7997602D}.Release|Any CPU.ActiveCfg = Release|Any CPU
		{A63DE577-41FA-451E-ADD0-AFDA7997602D}.Release|Any CPU.Build.0 = Release|Any CPU
	EndGlobalSection
EndGlobal
